{
  "name": "@lamresearch/lam-common-lazy",
  "version": "0.0.1",
  "lockfileVersion": 1,
  "requires": true,
  "dependencies": {
    "@types/xregexp": {
      "version": "3.0.30",
      "resolved": "https://registry.npmjs.org/@types/xregexp/-/xregexp-3.0.30.tgz",
      "integrity": "sha512-u1dpabg81Rd660bYebOqMXO0+E63H1hxunPAWGebNb7TpxqZYe9YaVLgkkj6ZnzLs3yLumtVB956o8u8OZdhXw==",
      "dev": true
    }
  }
}
